// !$*UTF8*$!
{
	archiveVersion = 1;
	classes = {
	};
	objectVersion = 46;
	objects = {

/* Begin PBXBuildFile section */
		33163976197BBCCD005EC8A8 /* Foundation.framework in Frameworks */ = {isa = PBXBuildFile; fileRef = 33163975197BBCCD005EC8A8 /* Foundation.framework */; };
		33163978197BBCCD005EC8A8 /* CoreGraphics.framework in Frameworks */ = {isa = PBXBuildFile; fileRef = 33163977197BBCCD005EC8A8 /* CoreGraphics.framework */; };
		3316397A197BBCCD005EC8A8 /* UIKit.framework in Frameworks */ = {isa = PBXBuildFile; fileRef = 33163979197BBCCD005EC8A8 /* UIKit.framework */; };
		33163980197BBCCD005EC8A8 /* InfoPlist.strings in Resources */ = {isa = PBXBuildFile; fileRef = 3316397E197BBCCD005EC8A8 /* InfoPlist.strings */; };
		33163982197BBCCD005EC8A8 /* main.m in Sources */ = {isa = PBXBuildFile; fileRef = 33163981197BBCCD005EC8A8 /* main.m */; };
		33163986197BBCCD005EC8A8 /* AppDelegate.m in Sources */ = {isa = PBXBuildFile; fileRef = 33163985197BBCCD005EC8A8 /* AppDelegate.m */; };
		33163989197BBCCD005EC8A8 /* Main.storyboard in Resources */ = {isa = PBXBuildFile; fileRef = 33163987197BBCCD005EC8A8 /* Main.storyboard */; };
		3316398C197BBCCD005EC8A8 /* ViewController.m in Sources */ = {isa = PBXBuildFile; fileRef = 3316398B197BBCCD005EC8A8 /* ViewController.m */; };
		3316398E197BBCCD005EC8A8 /* Images.xcassets in Resources */ = {isa = PBXBuildFile; fileRef = 3316398D197BBCCD005EC8A8 /* Images.xcassets */; };
		33163995197BBCCD005EC8A8 /* XCTest.framework in Frameworks */ = {isa = PBXBuildFile; fileRef = 33163994197BBCCD005EC8A8 /* XCTest.framework */; };
		33163996197BBCCD005EC8A8 /* Foundation.framework in Frameworks */ = {isa = PBXBuildFile; fileRef = 33163975197BBCCD005EC8A8 /* Foundation.framework */; };
		33163997197BBCCD005EC8A8 /* UIKit.framework in Frameworks */ = {isa = PBXBuildFile; fileRef = 33163979197BBCCD005EC8A8 /* UIKit.framework */; };
		3316399F197BBCCD005EC8A8 /* InfoPlist.strings in Resources */ = {isa = PBXBuildFile; fileRef = 3316399D197BBCCD005EC8A8 /* InfoPlist.strings */; };
		331639A1197BBCCD005EC8A8 /* TapAndSortTests.m in Sources */ = {isa = PBXBuildFile; fileRef = 331639A0197BBCCD005EC8A8 /* TapAndSortTests.m */; };
		331639DB197BE321005EC8A8 /* 1.png in Resources */ = {isa = PBXBuildFile; fileRef = 331639D3197BE321005EC8A8 /* 1.png */; };
		331639DC197BE321005EC8A8 /* 2.png in Resources */ = {isa = PBXBuildFile; fileRef = 331639D4197BE321005EC8A8 /* 2.png */; };
		331639DD197BE321005EC8A8 /* 3.png in Resources */ = {isa = PBXBuildFile; fileRef = 331639D5197BE321005EC8A8 /* 3.png */; };
		331639DE197BE321005EC8A8 /* 4.png in Resources */ = {isa = PBXBuildFile; fileRef = 331639D6197BE321005EC8A8 /* 4.png */; };
		331639DF197BE321005EC8A8 /* 5.png in Resources */ = {isa = PBXBuildFile; fileRef = 331639D7197BE321005EC8A8 /* 5.png */; };
		331639E0197BE321005EC8A8 /* 6.png in Resources */ = {isa = PBXBuildFile; fileRef = 331639D8197BE321005EC8A8 /* 6.png */; };
		331639E1197BE321005EC8A8 /* 7.png in Resources */ = {isa = PBXBuildFile; fileRef = 331639D9197BE321005EC8A8 /* 7.png */; };
		331639E2197BE321005EC8A8 /* 8.png in Resources */ = {isa = PBXBuildFile; fileRef = 331639DA197BE321005EC8A8 /* 8.png */; };
		331639E4197BE449005EC8A8 /* AudioToolbox.framework in Frameworks */ = {isa = PBXBuildFile; fileRef = 331639E3197BE449005EC8A8 /* AudioToolbox.framework */; };
		331639E9197BE927005EC8A8 /* trash.wav in Resources */ = {isa = PBXBuildFile; fileRef = 331639E8197BE927005EC8A8 /* trash.wav */; };
		331639EB197BEBA7005EC8A8 /* trash.png in Resources */ = {isa = PBXBuildFile; fileRef = 331639EA197BEBA7005EC8A8 /* trash.png */; };
		331639ED197C06BE005EC8A8 /* sort.png in Resources */ = {isa = PBXBuildFile; fileRef = 331639EC197C06BE005EC8A8 /* sort.png */; };
/* End PBXBuildFile section */

/* Begin PBXContainerItemProxy section */
		33163998197BBCCD005EC8A8 /* PBXContainerItemProxy */ = {
			isa = PBXContainerItemProxy;
			containerPortal = 3316396A197BBCCD005EC8A8 /* Project object */;
			proxyType = 1;
			remoteGlobalIDString = 33163971197BBCCD005EC8A8;
			remoteInfo = TapAndSort;
		};
/* End PBXContainerItemProxy section */

/* Begin PBXFileReference section */
		33163972197BBCCD005EC8A8 /* TapAndSort.app */ = {isa = PBXFileReference; explicitFileType = wrapper.application; includeInIndex = 0; path = TapAndSort.app; sourceTree = BUILT_PRODUCTS_DIR; };
		33163975197BBCCD005EC8A8 /* Foundation.framework */ = {isa = PBXFileReference; lastKnownFileType = wrapper.framework; name = Foundation.framework; path = System/Library/Frameworks/Foundation.framework; sourceTree = SDKROOT; };
		33163977197BBCCD005EC8A8 /* CoreGraphics.framework */ = {isa = PBXFileReference; lastKnownFileType = wrapper.framework; name = CoreGraphics.framework; path = System/Library/Frameworks/CoreGraphics.framework; sourceTree = SDKROOT; };
		33163979197BBCCD005EC8A8 /* UIKit.framework */ = {isa = PBXFileReference; lastKnownFileType = wrapper.framework; name = UIKit.framework; path = System/Library/Frameworks/UIKit.framework; sourceTree = SDKROOT; };
		3316397D197BBCCD005EC8A8 /* TapAndSort-Info.plist */ = {isa = PBXFileReference; lastKnownFileType = text.plist.xml; path = "TapAndSort-Info.plist"; sourceTree = "<group>"; };
		3316397F197BBCCD005EC8A8 /* en */ = {isa = PBXFileReference; lastKnownFileType = text.plist.strings; name = en; path = en.lproj/InfoPlist.strings; sourceTree = "<group>"; };
		33163981197BBCCD005EC8A8 /* main.m */ = {isa = PBXFileReference; lastKnownFileType = sourcecode.c.objc; path = main.m; sourceTree = "<group>"; };
		33163983197BBCCD005EC8A8 /* TapAndSort-Prefix.pch */ = {isa = PBXFileReference; lastKnownFileType = sourcecode.c.h; path = "TapAndSort-Prefix.pch"; sourceTree = "<group>"; };
		33163984197BBCCD005EC8A8 /* AppDelegate.h */ = {isa = PBXFileReference; lastKnownFileType = sourcecode.c.h; path = AppDelegate.h; sourceTree = "<group>"; };
		33163985197BBCCD005EC8A8 /* AppDelegate.m */ = {isa = PBXFileReference; lastKnownFileType = sourcecode.c.objc; path = AppDelegate.m; sourceTree = "<group>"; };
		33163988197BBCCD005EC8A8 /* Base */ = {isa = PBXFileReference; lastKnownFileType = file.storyboard; name = Base; path = Base.lproj/Main.storyboard; sourceTree = "<group>"; };
		3316398A197BBCCD005EC8A8 /* ViewController.h */ = {isa = PBXFileReference; lastKnownFileType = sourcecode.c.h; path = ViewController.h; sourceTree = "<group>"; };
		3316398B197BBCCD005EC8A8 /* ViewController.m */ = {isa = PBXFileReference; lastKnownFileType = sourcecode.c.objc; path = ViewController.m; sourceTree = "<group>"; wrapsLines = 1; };
		3316398D197BBCCD005EC8A8 /* Images.xcassets */ = {isa = PBXFileReference; lastKnownFileType = folder.assetcatalog; path = Images.xcassets; sourceTree = "<group>"; };
		33163993197BBCCD005EC8A8 /* TapAndSortTests.xctest */ = {isa = PBXFileReference; explicitFileType = wrapper.cfbundle; includeInIndex = 0; path = TapAndSortTests.xctest; sourceTree = BUILT_PRODUCTS_DIR; };
		33163994197BBCCD005EC8A8 /* XCTest.framework */ = {isa = PBXFileReference; lastKnownFileType = wrapper.framework; name = XCTest.framework; path = Library/Frameworks/XCTest.framework; sourceTree = DEVELOPER_DIR; };
		3316399C197BBCCD005EC8A8 /* TapAndSortTests-Info.plist */ = {isa = PBXFileReference; lastKnownFileType = text.plist.xml; path = "TapAndSortTests-Info.plist"; sourceTree = "<group>"; };
		3316399E197BBCCD005EC8A8 /* en */ = {isa = PBXFileReference; lastKnownFileType = text.plist.strings; name = en; path = en.lproj/InfoPlist.strings; sourceTree = "<group>"; };
		331639A0197BBCCD005EC8A8 /* TapAndSortTests.m */ = {isa = PBXFileReference; lastKnownFileType = sourcecode.c.objc; path = TapAndSortTests.m; sourceTree = "<group>"; };
		331639D3197BE321005EC8A8 /* 1.png */ = {isa = PBXFileReference; lastKnownFileType = image.png; path = 1.png; sourceTree = "<group>"; };
		331639D4197BE321005EC8A8 /* 2.png */ = {isa = PBXFileReference; lastKnownFileType = image.png; path = 2.png; sourceTree = "<group>"; };
		331639D5197BE321005EC8A8 /* 3.png */ = {isa = PBXFileReference; lastKnownFileType = image.png; path = 3.png; sourceTree = "<group>"; };
		331639D6197BE321005EC8A8 /* 4.png */ = {isa = PBXFileReference; lastKnownFileType = image.png; path = 4.png; sourceTree = "<group>"; };
		331639D7197BE321005EC8A8 /* 5.png */ = {isa = PBXFileReference; lastKnownFileType = image.png; path = 5.png; sourceTree = "<group>"; };
		331639D8197BE321005EC8A8 /* 6.png */ = {isa = PBXFileReference; lastKnownFileType = image.png; path = 6.png; sourceTree = "<group>"; };
		331639D9197BE321005EC8A8 /* 7.png */ = {isa = PBXFileReference; lastKnownFileType = image.png; path = 7.png; sourceTree = "<group>"; };
		331639DA197BE321005EC8A8 /* 8.png */ = {isa = PBXFileReference; lastKnownFileType = image.png; path = 8.png; sourceTree = "<group>"; };
		331639E3197BE449005EC8A8 /* AudioToolbox.framework */ = {isa = PBXFileReference; lastKnownFileType = wrapper.framework; name = AudioToolbox.framework; path = System/Library/Frameworks/AudioToolbox.framework; sourceTree = SDKROOT; };
		331639E8197BE927005EC8A8 /* trash.wav */ = {isa = PBXFileReference; lastKnownFileType = audio.wav; path = trash.wav; sourceTree = "<group>"; };
		331639EA197BEBA7005EC8A8 /* trash.png */ = {isa = PBXFileReference; lastKnownFileType = image.png; path = trash.png; sourceTree = "<group>"; };
		331639EC197C06BE005EC8A8 /* sort.png */ = {isa = PBXFileReference; lastKnownFileType = image.png; path = sort.png; sourceTree = "<group>"; };
/* End PBXFileReference section */

/* Begin PBXFrameworksBuildPhase section */
		3316396F197BBCCD005EC8A8 /* Frameworks */ = {
			isa = PBXFrameworksBuildPhase;
			buildActionMask = 2147483647;
			files = (
				331639E4197BE449005EC8A8 /* AudioToolbox.framework in Frameworks */,
				33163978197BBCCD005EC8A8 /* CoreGraphics.framework in Frameworks */,
				3316397A197BBCCD005EC8A8 /* UIKit.framework in Frameworks */,
				33163976197BBCCD005EC8A8 /* Foundation.framework in Frameworks */,
			);
			runOnlyForDeploymentPostprocessing = 0;
		};
		33163990197BBCCD005EC8A8 /* Frameworks */ = {
			isa = PBXFrameworksBuildPhase;
			buildActionMask = 2147483647;
			files = (
				33163995197BBCCD005EC8A8 /* XCTest.framework in Frameworks */,
				33163997197BBCCD005EC8A8 /* UIKit.framework in Frameworks */,
				33163996197BBCCD005EC8A8 /* Foundation.framework in Frameworks */,
			);
			runOnlyForDeploymentPostprocessing = 0;
		};
/* End PBXFrameworksBuildPhase section */

/* Begin PBXGroup section */
		33163969197BBCCD005EC8A8 = {
			isa = PBXGroup;
			children = (
				3316397B197BBCCD005EC8A8 /* TapAndSort */,
				3316399A197BBCCD005EC8A8 /* TapAndSortTests */,
				33163974197BBCCD005EC8A8 /* Frameworks */,
				33163973197BBCCD005EC8A8 /* Products */,
			);
			sourceTree = "<group>";
		};
		33163973197BBCCD005EC8A8 /* Products */ = {
			isa = PBXGroup;
			children = (
				33163972197BBCCD005EC8A8 /* TapAndSort.app */,
				33163993197BBCCD005EC8A8 /* TapAndSortTests.xctest */,
			);
			name = Products;
			sourceTree = "<group>";
		};
		33163974197BBCCD005EC8A8 /* Frameworks */ = {
			isa = PBXGroup;
			children = (
				331639E3197BE449005EC8A8 /* AudioToolbox.framework */,
				33163975197BBCCD005EC8A8 /* Foundation.framework */,
				33163977197BBCCD005EC8A8 /* CoreGraphics.framework */,
				33163979197BBCCD005EC8A8 /* UIKit.framework */,
				33163994197BBCCD005EC8A8 /* XCTest.framework */,
			);
			name = Frameworks;
			sourceTree = "<group>";
		};
		3316397B197BBCCD005EC8A8 /* TapAndSort */ = {
			isa = PBXGroup;
			children = (
				331639AA197BDE41005EC8A8 /* photo */,
				33163984197BBCCD005EC8A8 /* AppDelegate.h */,
				33163985197BBCCD005EC8A8 /* AppDelegate.m */,
				33163987197BBCCD005EC8A8 /* Main.storyboard */,
				3316398A197BBCCD005EC8A8 /* ViewController.h */,
				3316398B197BBCCD005EC8A8 /* ViewController.m */,
				3316398D197BBCCD005EC8A8 /* Images.xcassets */,
				3316397C197BBCCD005EC8A8 /* Supporting Files */,
			);
			path = TapAndSort;
			sourceTree = "<group>";
		};
		3316397C197BBCCD005EC8A8 /* Supporting Files */ = {
			isa = PBXGroup;
			children = (
				3316397D197BBCCD005EC8A8 /* TapAndSort-Info.plist */,
				3316397E197BBCCD005EC8A8 /* InfoPlist.strings */,
				33163981197BBCCD005EC8A8 /* main.m */,
				33163983197BBCCD005EC8A8 /* TapAndSort-Prefix.pch */,
			);
			name = "Supporting Files";
			sourceTree = "<group>";
		};
		3316399A197BBCCD005EC8A8 /* TapAndSortTests */ = {
			isa = PBXGroup;
			children = (
				331639A0197BBCCD005EC8A8 /* TapAndSortTests.m */,
				3316399B197BBCCD005EC8A8 /* Supporting Files */,
			);
			path = TapAndSortTests;
			sourceTree = "<group>";
		};
		3316399B197BBCCD005EC8A8 /* Supporting Files */ = {
			isa = PBXGroup;
			children = (
				3316399C197BBCCD005EC8A8 /* TapAndSortTests-Info.plist */,
				3316399D197BBCCD005EC8A8 /* InfoPlist.strings */,
			);
			name = "Supporting Files";
			sourceTree = "<group>";
		};
		331639AA197BDE41005EC8A8 /* photo */ = {
			isa = PBXGroup;
			children = (
				331639D3197BE321005EC8A8 /* 1.png */,
				331639D4197BE321005EC8A8 /* 2.png */,
				331639D5197BE321005EC8A8 /* 3.png */,
				331639D6197BE321005EC8A8 /* 4.png */,
				331639E8197BE927005EC8A8 /* trash.wav */,
				331639D7197BE321005EC8A8 /* 5.png */,
				331639D8197BE321005EC8A8 /* 6.png */,
				331639D9197BE321005EC8A8 /* 7.png */,
				331639EA197BEBA7005EC8A8 /* trash.png */,
				331639EC197C06BE005EC8A8 /* sort.png */,
				331639DA197BE321005EC8A8 /* 8.png */,
			);
			name = photo;
			sourceTree = "<group>";
		};
/* End PBXGroup section */

/* Begin PBXNativeTarget section */
		33163971197BBCCD005EC8A8 /* TapAndSort */ = {
			isa = PBXNativeTarget;
			buildConfigurationList = 331639A4197BBCCE005EC8A8 /* Build configuration list for PBXNativeTarget "TapAndSort" */;
			buildPhases = (
				3316396E197BBCCD005EC8A8 /* Sources */,
				3316396F197BBCCD005EC8A8 /* Frameworks */,
				33163970197BBCCD005EC8A8 /* Resources */,
			);
			buildRules = (
			);
			dependencies = (
			);
			name = TapAndSort;
			productName = TapAndSort;
			productReference = 33163972197BBCCD005EC8A8 /* TapAndSort.app */;
			productType = "com.apple.product-type.application";
		};
		33163992197BBCCD005EC8A8 /* TapAndSortTests */ = {
			isa = PBXNativeTarget;
			buildConfigurationList = 331639A7197BBCCE005EC8A8 /* Build configuration list for PBXNativeTarget "TapAndSortTests" */;
			buildPhases = (
				3316398F197BBCCD005EC8A8 /* Sources */,
				33163990197BBCCD005EC8A8 /* Frameworks */,
				33163991197BBCCD005EC8A8 /* Resources */,
			);
			buildRules = (
			);
			dependencies = (
				33163999197BBCCD005EC8A8 /* PBXTargetDependency */,
			);
			name = TapAndSortTests;
			productName = TapAndSortTests;
			productReference = 33163993197BBCCD005EC8A8 /* TapAndSortTests.xctest */;
			productType = "com.apple.product-type.bundle.unit-test";
		};
/* End PBXNativeTarget section */

/* Begin PBXProject section */
		3316396A197BBCCD005EC8A8 /* Project object */ = {
			isa = PBXProject;
			attributes = {
				LastUpgradeCheck = 0510;
				ORGANIZATIONNAME = "Nguyễn Huỳnh Lâm";
				TargetAttributes = {
					33163992197BBCCD005EC8A8 = {
						TestTargetID = 33163971197BBCCD005EC8A8;
					};
				};
			};
			buildConfigurationList = 3316396D197BBCCD005EC8A8 /* Build configuration list for PBXProject "TapAndSort" */;
			compatibilityVersion = "Xcode 3.2";
			developmentRegion = English;
			hasScannedForEncodings = 0;
			knownRegions = (
				en,
				Base,
			);
			mainGroup = 33163969197BBCCD005EC8A8;
			productRefGroup = 33163973197BBCCD005EC8A8 /* Products */;
			projectDirPath = "";
			projectRoot = "";
			targets = (
				33163971197BBCCD005EC8A8 /* TapAndSort */,
				33163992197BBCCD005EC8A8 /* TapAndSortTests */,
			);
		};
/* End PBXProject section */

/* Begin PBXResourcesBuildPhase section */
		33163970197BBCCD005EC8A8 /* Resources */ = {
			isa = PBXResourcesBuildPhase;
			buildActionMask = 2147483647;
			files = (
				331639E2197BE321005EC8A8 /* 8.png in Resources */,
				3316398E197BBCCD005EC8A8 /* Images.xcassets in Resources */,
				331639EB197BEBA7005EC8A8 /* trash.png in Resources */,
				331639DE197BE321005EC8A8 /* 4.png in Resources */,
				331639DB197BE321005EC8A8 /* 1.png in Resources */,
				331639E0197BE321005EC8A8 /* 6.png in Resources */,
				331639DC197BE321005EC8A8 /* 2.png in Resources */,
				331639DD197BE321005EC8A8 /* 3.png in Resources */,
				331639DF197BE321005EC8A8 /* 5.png in Resources */,
				331639E1197BE321005EC8A8 /* 7.png in Resources */,
				33163980197BBCCD005EC8A8 /* InfoPlist.strings in Resources */,
				33163989197BBCCD005EC8A8 /* Main.storyboard in Resources */,
				331639E9197BE927005EC8A8 /* trash.wav in Resources */,
				331639ED197C06BE005EC8A8 /* sort.png in Resources */,
			);
			runOnlyForDeploymentPostprocessing = 0;
		};
		33163991197BBCCD005EC8A8 /* Resources */ = {
			isa = PBXResourcesBuildPhase;
			buildActionMask = 2147483647;
			files = (
				3316399F197BBCCD005EC8A8 /* InfoPlist.strings in Resources */,
			);
			runOnlyForDeploymentPostprocessing = 0;
		};
/* End PBXResourcesBuildPhase section */

/* Begin PBXSourcesBuildPhase section */
		3316396E197BBCCD005EC8A8 /* Sources */ = {
			isa = PBXSourcesBuildPhase;
			buildActionMask = 2147483647;
			files = (
				3316398C197BBCCD005EC8A8 /* ViewController.m in Sources */,
				33163986197BBCCD005EC8A8 /* AppDelegate.m in Sources */,
				33163982197BBCCD005EC8A8 /* main.m in Sources */,
			);
			runOnlyForDeploymentPostprocessing = 0;
		};
		3316398F197BBCCD005EC8A8 /* Sources */ = {
			isa = PBXSourcesBuildPhase;
			buildActionMask = 2147483647;
			files = (
				331639A1197BBCCD005EC8A8 /* TapAndSortTests.m in Sources */,
			);
			runOnlyForDeploymentPostprocessing = 0;
		};
/* End PBXSourcesBuildPhase section */

/* Begin PBXTargetDependency section */
		33163999197BBCCD005EC8A8 /* PBXTargetDependency */ = {
			isa = PBXTargetDependency;
			target = 33163971197BBCCD005EC8A8 /* TapAndSort */;
			targetProxy = 33163998197BBCCD005EC8A8 /* PBXContainerItemProxy */;
		};
/* End PBXTargetDependency section */

/* Begin PBXVariantGroup section */
		3316397E197BBCCD005EC8A8 /* InfoPlist.strings */ = {
			isa = PBXVariantGroup;
			children = (
				3316397F197BBCCD005EC8A8 /* en */,
			);
			name = InfoPlist.strings;
			sourceTree = "<group>";
		};
		33163987197BBCCD005EC8A8 /* Main.storyboard */ = {
			isa = PBXVariantGroup;
			children = (
				33163988197BBCCD005EC8A8 /* Base */,
			);
			name = Main.storyboard;
			sourceTree = "<group>";
		};
		3316399D197BBCCD005EC8A8 /* InfoPlist.strings */ = {
			isa = PBXVariantGroup;
			children = (
				3316399E197BBCCD005EC8A8 /* en */,
			);
			name = InfoPlist.strings;
			sourceTree = "<group>";
		};
/* End PBXVariantGroup section */

/* Begin XCBuildConfiguration section */
		331639A2197BBCCE005EC8A8 /* Debug */ = {
			isa = XCBuildConfiguration;
			buildSettings = {
				ALWAYS_SEARCH_USER_PATHS = NO;
				CLANG_CXX_LANGUAGE_STANDARD = "gnu++0x";
				CLANG_CXX_LIBRARY = "libc++";
				CLANG_ENABLE_MODULES = YES;
				CLANG_ENABLE_OBJC_ARC = YES;
				CLANG_WARN_BOOL_CONVERSION = YES;
				CLANG_WARN_CONSTANT_CONVERSION = YES;
				CLANG_WARN_DIRECT_OBJC_ISA_USAGE = YES_ERROR;
				CLANG_WARN_EMPTY_BODY = YES;
				CLANG_WARN_ENUM_CONVERSION = YES;
				CLANG_WARN_INT_CONVERSION = YES;
				CLANG_WARN_OBJC_ROOT_CLASS = YES_ERROR;
				CLANG_WARN__DUPLICATE_METHOD_MATCH = YES;
				"CODE_SIGN_IDENTITY[sdk=iphoneos*]" = "iPhone Developer";
				COPY_PHASE_STRIP = NO;
				GCC_C_LANGUAGE_STANDARD = gnu99;
				GCC_DYNAMIC_NO_PIC = NO;
				GCC_OPTIMIZATION_LEVEL = 0;
				GCC_PREPROCESSOR_DEFINITIONS = (
					"DEBUG=1",
					"$(inherited)",
				);
				GCC_SYMBOLS_PRIVATE_EXTERN = NO;
				GCC_WARN_64_TO_32_BIT_CONVERSION = YES;
				GCC_WARN_ABOUT_RETURN_TYPE = YES_ERROR;
				GCC_WARN_UNDECLARED_SELECTOR = YES;
				GCC_WARN_UNINITIALIZED_AUTOS = YES_AGGRESSIVE;
				GCC_WARN_UNUSED_FUNCTION = YES;
				GCC_WARN_UNUSED_VARIABLE = YES;
				IPHONEOS_DEPLOYMENT_TARGET = 7.1;
				ONLY_ACTIVE_ARCH = YES;
				SDKROOT = iphoneos;
			};
			name = Debug;
		};
		331639A3197BBCCE005EC8A8 /* Release */ = {
			isa = XCBuildConfiguration;
			buildSettings = {
				ALWAYS_SEARCH_USER_PATHS = NO;
				CLANG_CXX_LANGUAGE_STANDARD = "gnu++0x";
				CLANG_CXX_LIBRARY = "libc++";
				CLANG_ENABLE_MODULES = YES;
				CLANG_ENABLE_OBJC_ARC = YES;
				CLANG_WARN_BOOL_CONVERSION = YES;
				CLANG_WARN_CONSTANT_CONVERSION = YES;
				CLANG_WARN_DIRECT_OBJC_ISA_USAGE = YES_ERROR;
				CLANG_WARN_EMPTY_BODY = YES;
				CLANG_WARN_ENUM_CONVERSION = YES;
				CLANG_WARN_INT_CONVERSION = YES;
				CLANG_WARN_OBJC_ROOT_CLASS = YES_ERROR;
				CLANG_WARN__DUPLICATE_METHOD_MATCH = YES;
				"CODE_SIGN_IDENTITY[sdk=iphoneos*]" = "iPhone Developer";
				COPY_PHASE_STRIP = YES;
				ENABLE_NS_ASSERTIONS = NO;
				GCC_C_LANGUAGE_STANDARD = gnu99;
				GCC_WARN_64_TO_32_BIT_CONVERSION = YES;
				GCC_WARN_ABOUT_RETURN_TYPE = YES_ERROR;
				GCC_WARN_UNDECLARED_SELECTOR = YES;
				GCC_WARN_UNINITIALIZED_AUTOS = YES_AGGRESSIVE;
				GCC_WARN_UNUSED_FUNCTION = YES;
				GCC_WARN_UNUSED_VARIABLE = YES;
				IPHONEOS_DEPLOYMENT_TARGET = 7.1;
				SDKROOT = iphoneos;
				VALIDATE_PRODUCT = YES;
			};
			name = Release;
		};
		331639A5197BBCCE005EC8A8 /* Debug */ = {
			isa = XCBuildConfiguration;
			buildSettings = {
				ASSETCATALOG_COMPILER_APPICON_NAME = AppIcon;
				ASSETCATALOG_COMPILER_LAUNCHIMAGE_NAME = LaunchImage;
				GCC_PRECOMPILE_PREFIX_HEADER = YES;
				GCC_PREFIX_HEADER = "TapAndSort/TapAndSort-Prefix.pch";
				INFOPLIST_FILE = "TapAndSort/TapAndSort-Info.plist";
				PRODUCT_NAME = "$(TARGET_NAME)";
				WRAPPER_EXTENSION = app;
			};
			name = Debug;
		};
		331639A6197BBCCE005EC8A8 /* Release */ = {
			isa = XCBuildConfiguration;
			buildSettings = {
				ASSETCATALOG_COMPILER_APPICON_NAME = AppIcon;
				ASSETCATALOG_COMPILER_LAUNCHIMAGE_NAME = LaunchImage;
				GCC_PRECOMPILE_PREFIX_HEADER = YES;
				GCC_PREFIX_HEADER = "TapAndSort/TapAndSort-Prefix.pch";
				INFOPLIST_FILE = "TapAndSort/TapAndSort-Info.plist";
				PRODUCT_NAME = "$(TARGET_NAME)";
				WRAPPER_EXTENSION = app;
			};
			name = Release;
		};
		331639A8197BBCCE005EC8A8 /* Debug */ = {
			isa = XCBuildConfiguration;
			buildSettings = {
				BUNDLE_LOADER = "$(BUILT_PRODUCTS_DIR)/TapAndSort.app/TapAndSort";
				FRAMEWORK_SEARCH_PATHS = (
					"$(SDKROOT)/Developer/Library/Frameworks",
					"$(inherited)",
					"$(DEVELOPER_FRAMEWORKS_DIR)",
				);
				GCC_PRECOMPILE_PREFIX_HEADER = YES;
				GCC_PREFIX_HEADER = "TapAndSort/TapAndSort-Prefix.pch";
				GCC_PREPROCESSOR_DEFINITIONS = (
					"DEBUG=1",
					"$(inherited)",
				);
				INFOPLIST_FILE = "TapAndSortTests/TapAndSortTests-Info.plist";
				PRODUCT_NAME = "$(TARGET_NAME)";
				TEST_HOST = "$(BUNDLE_LOADER)";
				WRAPPER_EXTENSION = xctest;
			};
			name = Debug;
		};
		331639A9197BBCCE005EC8A8 /* Release */ = {
			isa = XCBuildConfiguration;
			buildSettings = {
				BUNDLE_LOADER = "$(BUILT_PRODUCTS_DIR)/TapAndSort.app/TapAndSort";
				FRAMEWORK_SEARCH_PATHS = (
					"$(SDKROOT)/Developer/Library/Frameworks",
					"$(inherited)",
					"$(DEVELOPER_FRAMEWORKS_DIR)",
				);
				GCC_PRECOMPILE_PREFIX_HEADER = YES;
				GCC_PREFIX_HEADER = "TapAndSort/TapAndSort-Prefix.pch";
				INFOPLIST_FILE = "TapAndSortTests/TapAndSortTests-Info.plist";
				PRODUCT_NAME = "$(TARGET_NAME)";
				TEST_HOST = "$(BUNDLE_LOADER)";
				WRAPPER_EXTENSION = xctest;
			};
			name = Release;
		};
/* End XCBuildConfiguration section */

/* Begin XCConfigurationList section */
		3316396D197BBCCD005EC8A8 /* Build configuration list for PBXProject "TapAndSort" */ = {
			isa = XCConfigurationList;
			buildConfigurations = (
				331639A2197BBCCE005EC8A8 /* Debug */,
				331639A3197BBCCE005EC8A8 /* Release */,
			);
			defaultConfigurationIsVisible = 0;
			defaultConfigurationName = Release;
		};
		331639A4197BBCCE005EC8A8 /* Build configuration list for PBXNativeTarget "TapAndSort" */ = {
			isa = XCConfigurationList;
			buildConfigurations = (
				331639A5197BBCCE005EC8A8 /* Debug */,
				331639A6197BBCCE005EC8A8 /* Release */,
			);
			defaultConfigurationIsVisible = 0;
		};
		331639A7197BBCCE005EC8A8 /* Build configuration list for PBXNativeTarget "TapAndSortTests" */ = {
			isa = XCConfigurationList;
			buildConfigurations = (
				331639A8197BBCCE005EC8A8 /* Debug */,
				331639A9197BBCCE005EC8A8 /* Release */,
			);
			defaultConfigurationIsVisible = 0;
		};
/* End XCConfigurationList section */
	};
	rootObject = 3316396A197BBCCD005EC8A8 /* Project object */;
}
